
Microsoft Visual Studio Solution File, Format Version 12.00
# Visual Studio Version 17
VisualStudioVersion = 17.14.36616.10 d17.14
MinimumVisualStudioVersion = 10.0.40219.1
Project("{FAE04EC0-301F-11D3-BF4B-00C04F79EFBC}") = "Sprout.Shell", "Sprout.Shell\Sprout.Shell.csproj", "{22F64FC1-92CD-4C74-882F-3BE74DA5D2BB}"
EndProject
Project("{FAE04EC0-301F-11D3-BF4B-00C04F79EFBC}") = "Sprout.Core", "Sprout.Core\Sprout.Core.csproj", "{294EBE29-F805-410E-8FDF-43E790146DC3}"
EndProject
Project("{2150E333-8FDC-42A3-9474-1A3956D46DE8}") = "Controls", "Controls", "{02EA681E-C7D8-13C7-8484-4AC65E1B71E8}"
EndProject
Project("{FAE04EC0-301F-11D3-BF4B-00C04F79EFBC}") = "Sprout.Grid", "Sprout.Grid\Sprout.Grid.csproj", "{26BED2B7-A7A4-438D-BFBD-A3B427C486EC}"
EndProject
Global
	GlobalSection(SolutionConfigurationPlatforms) = preSolution
		Debug|Any CPU = Debug|Any CPU
		Release|Any CPU = Release|Any CPU
	EndGlobalSection
	GlobalSection(ProjectConfigurationPlatforms) = postSolution
		{22F64FC1-92CD-4C74-882F-3BE74DA5D2BB}.Debug|Any CPU.ActiveCfg = Debug|Any CPU
		{22F64FC1-92CD-4C74-882F-3BE74DA5D2BB}.Debug|Any CPU.Build.0 = Debug|Any CPU
		{22F64FC1-92CD-4C74-882F-3BE74DA5D2BB}.Release|Any CPU.ActiveCfg = Release|Any CPU
		{22F64FC1-92CD-4C74-882F-3BE74DA5D2BB}.Release|Any CPU.Build.0 = Release|Any CPU
		{294EBE29-F805-410E-8FDF-43E790146DC3}.Debug|Any CPU.ActiveCfg = Debug|Any CPU
		{294EBE29-F805-410E-8FDF-43E790146DC3}.Debug|Any CPU.Build.0 = Debug|Any CPU
		{294EBE29-F805-410E-8FDF-43E790146DC3}.Release|Any CPU.ActiveCfg = Release|Any CPU
		{294EBE29-F805-410E-8FDF-43E790146DC3}.Release|Any CPU.Build.0 = Release|Any CPU
		{26BED2B7-A7A4-438D-BFBD-A3B427C486EC}.Debug|Any CPU.ActiveCfg = Debug|Any CPU
		{26BED2B7-A7A4-438D-BFBD-A3B427C486EC}.Debug|Any CPU.Build.0 = Debug|Any CPU
		{26BED2B7-A7A4-438D-BFBD-A3B427C486EC}.Release|Any CPU.ActiveCfg = Release|Any CPU
		{26BED2B7-A7A4-438D-BFBD-A3B427C486EC}.Release|Any CPU.Build.0 = Release|Any CPU
	EndGlobalSection
	GlobalSection(SolutionProperties) = preSolution
		HideSolutionNode = FALSE
	EndGlobalSection
	GlobalSection(NestedProjects) = preSolution
		{26BED2B7-A7A4-438D-BFBD-A3B427C486EC} = {02EA681E-C7D8-13C7-8484-4AC65E1B71E8}
	EndGlobalSection
	GlobalSection(ExtensibilityGlobals) = postSolution
		SolutionGuid = {603AA9E8-31ED-4C55-9843-CF2B9249D440}
	EndGlobalSection
EndGlobal
